
Microsoft Visual Studio Solution File, Format Version 12.00
# Visual Studio Version 17
VisualStudioVersion = 17.11.35208.52
MinimumVisualStudioVersion = 10.0.40219.1
Project("{FAE04EC0-301F-11D3-BF4B-00C04F79EFBC}") = "OShoppingWebsite", "OShoppingWebsite\OShoppingWebsite.csproj", "{9E64D360-C3E3-4CAB-8C7E-4DB0637A75BF}"
EndProject
Global
	GlobalSection(SolutionConfigurationPlatforms) = preSolution
		Debug|Any CPU = Debug|Any CPU
		Release|Any CPU = Release|Any CPU
	EndGlobalSection
	GlobalSection(ProjectConfigurationPlatforms) = postSolution
		{9E64D360-C3E3-4CAB-8C7E-4DB0637A75BF}.Debug|Any CPU.ActiveCfg = Debug|Any CPU
		{9E64D360-C3E3-4CAB-8C7E-4DB0637A75BF}.Debug|Any CPU.Build.0 = Debug|Any CPU
		{9E64D360-C3E3-4CAB-8C7E-4DB0637A75BF}.Release|Any CPU.ActiveCfg = Release|Any CPU
		{9E64D360-C3E3-4CAB-8C7E-4DB0637A75BF}.Release|Any CPU.Build.0 = Release|Any CPU
	EndGlobalSection
	GlobalSection(SolutionProperties) = preSolution
		HideSolutionNode = FALSE
	EndGlobalSection
	GlobalSection(ExtensibilityGlobals) = postSolution
		SolutionGuid = {BC146B37-A6B7-4CC5-B060-6702DA5F89AD}
	EndGlobalSection
EndGlobal
